
Microsoft Visual Studio Solution File, Format Version 12.00
# Visual Studio 14
VisualStudioVersion = 14.0.23107.0
MinimumVisualStudioVersion = 10.0.40219.1
Project("{FAE04EC0-301F-11D3-BF4B-00C04F79EFBC}") = "BlurBehindDemo", "sample\BlurBehindDemo.csproj", "{CCB7A1CD-FA61-4B81-8234-4E532B1A6DB7}"
EndProject
Project("{FAE04EC0-301F-11D3-BF4B-00C04F79EFBC}") = "BlurLibrary", "BlurLibrary\BlurLibrary.csproj", "{74FC0C63-7118-465B-8154-AD4A69C46E71}"
EndProject
Global
	GlobalSection(SolutionConfigurationPlatforms) = preSolution
		Debug|Any CPU = Debug|Any CPU
		Release|Any CPU = Release|Any CPU
	EndGlobalSection
	GlobalSection(ProjectConfigurationPlatforms) = postSolution
		{CCB7A1CD-FA61-4B81-8234-4E532B1A6DB7}.Debug|Any CPU.ActiveCfg = Debug|Any CPU
		{CCB7A1CD-FA61-4B81-8234-4E532B1A6DB7}.Debug|Any CPU.Build.0 = Debug|Any CPU
		{CCB7A1CD-FA61-4B81-8234-4E532B1A6DB7}.Release|Any CPU.ActiveCfg = Release|Any CPU
		{CCB7A1CD-FA61-4B81-8234-4E532B1A6DB7}.Release|Any CPU.Build.0 = Release|Any CPU
		{74FC0C63-7118-465B-8154-AD4A69C46E71}.Debug|Any CPU.ActiveCfg = Debug|Any CPU
		{74FC0C63-7118-465B-8154-AD4A69C46E71}.Debug|Any CPU.Build.0 = Debug|Any CPU
		{74FC0C63-7118-465B-8154-AD4A69C46E71}.Release|Any CPU.ActiveCfg = Release|Any CPU
		{74FC0C63-7118-465B-8154-AD4A69C46E71}.Release|Any CPU.Build.0 = Release|Any CPU
	EndGlobalSection
	GlobalSection(SolutionProperties) = preSolution
		HideSolutionNode = FALSE
	EndGlobalSection
EndGlobal
